// !$*UTF8*$!
{
	archiveVersion = 1;
	classes = {
	};
	objectVersion = 50;
	objects = {

/* Begin PBXBuildFile section */
		282ED10B231DA6FF00B975DA /* AppDelegate.swift in Sources */ = {isa = PBXBuildFile; fileRef = 282ED10A231DA6FF00B975DA /* AppDelegate.swift */; };
		282ED10D231DA6FF00B975DA /* ViewController.swift in Sources */ = {isa = PBXBuildFile; fileRef = 282ED10C231DA6FF00B975DA /* ViewController.swift */; };
		282ED110231DA6FF00B975DA /* Main.storyboard in Resources */ = {isa = PBXBuildFile; fileRef = 282ED10E231DA6FF00B975DA /* Main.storyboard */; };
		282ED112231DA70000B975DA /* Assets.xcassets in Resources */ = {isa = PBXBuildFile; fileRef = 282ED111231DA70000B975DA /* Assets.xcassets */; };
		282ED115231DA70000B975DA /* LaunchScreen.storyboard in Resources */ = {isa = PBXBuildFile; fileRef = 282ED113231DA70000B975DA /* LaunchScreen.storyboard */; };
		282ED120231DA70000B975DA /* ProgrammingAssignmentTests.swift in Sources */ = {isa = PBXBuildFile; fileRef = 282ED11F231DA70000B975DA /* ProgrammingAssignmentTests.swift */; };
		282ED12B231DA70000B975DA /* ProgrammingAssignmentUITests.swift in Sources */ = {isa = PBXBuildFile; fileRef = 282ED12A231DA70000B975DA /* ProgrammingAssignmentUITests.swift */; };
		28D380FD231DCAAC00ED5BC6 /* RatingControl.swift in Sources */ = {isa = PBXBuildFile; fileRef = 28D380FC231DCAAC00ED5BC6 /* RatingControl.swift */; };
		28D38101231DF3D200ED5BC6 /* PopViewController.swift in Sources */ = {isa = PBXBuildFile; fileRef = 28D38100231DF3D200ED5BC6 /* PopViewController.swift */; };
/* End PBXBuildFile section */

/* Begin PBXContainerItemProxy section */
		282ED11C231DA70000B975DA /* PBXContainerItemProxy */ = {
			isa = PBXContainerItemProxy;
			containerPortal = 282ED0FF231DA6FF00B975DA /* Project object */;
			proxyType = 1;
			remoteGlobalIDString = 282ED106231DA6FF00B975DA;
			remoteInfo = ProgrammingAssignment;
		};
		282ED127231DA70000B975DA /* PBXContainerItemProxy */ = {
			isa = PBXContainerItemProxy;
			containerPortal = 282ED0FF231DA6FF00B975DA /* Project object */;
			proxyType = 1;
			remoteGlobalIDString = 282ED106231DA6FF00B975DA;
			remoteInfo = ProgrammingAssignment;
		};
/* End PBXContainerItemProxy section */

/* Begin PBXFileReference section */
		282ED107231DA6FF00B975DA /* ProgrammingAssignment.app */ = {isa = PBXFileReference; explicitFileType = wrapper.application; includeInIndex = 0; path = ProgrammingAssignment.app; sourceTree = BUILT_PRODUCTS_DIR; };
		282ED10A231DA6FF00B975DA /* AppDelegate.swift */ = {isa = PBXFileReference; lastKnownFileType = sourcecode.swift; path = AppDelegate.swift; sourceTree = "<group>"; };
		282ED10C231DA6FF00B975DA /* ViewController.swift */ = {isa = PBXFileReference; lastKnownFileType = sourcecode.swift; path = ViewController.swift; sourceTree = "<group>"; };
		282ED10F231DA6FF00B975DA /* Base */ = {isa = PBXFileReference; lastKnownFileType = file.storyboard; name = Base; path = Base.lproj/Main.storyboard; sourceTree = "<group>"; };
		282ED111231DA70000B975DA /* Assets.xcassets */ = {isa = PBXFileReference; lastKnownFileType = folder.assetcatalog; path = Assets.xcassets; sourceTree = "<group>"; };
		282ED114231DA70000B975DA /* Base */ = {isa = PBXFileReference; lastKnownFileType = file.storyboard; name = Base; path = Base.lproj/LaunchScreen.storyboard; sourceTree = "<group>"; };
		282ED116231DA70000B975DA /* Info.plist */ = {isa = PBXFileReference; lastKnownFileType = text.plist.xml; path = Info.plist; sourceTree = "<group>"; };
		282ED11B231DA70000B975DA /* ProgrammingAssignmentTests.xctest */ = {isa = PBXFileReference; explicitFileType = wrapper.cfbundle; includeInIndex = 0; path = ProgrammingAssignmentTests.xctest; sourceTree = BUILT_PRODUCTS_DIR; };
		282ED11F231DA70000B975DA /* ProgrammingAssignmentTests.swift */ = {isa = PBXFileReference; lastKnownFileType = sourcecode.swift; path = ProgrammingAssignmentTests.swift; sourceTree = "<group>"; };
		282ED121231DA70000B975DA /* Info.plist */ = {isa = PBXFileReference; lastKnownFileType = text.plist.xml; path = Info.plist; sourceTree = "<group>"; };
		282ED126231DA70000B975DA /* ProgrammingAssignmentUITests.xctest */ = {isa = PBXFileReference; explicitFileType = wrapper.cfbundle; includeInIndex = 0; path = ProgrammingAssignmentUITests.xctest; sourceTree = BUILT_PRODUCTS_DIR; };
		282ED12A231DA70000B975DA /* ProgrammingAssignmentUITests.swift */ = {isa = PBXFileReference; lastKnownFileType = sourcecode.swift; path = ProgrammingAssignmentUITests.swift; sourceTree = "<group>"; };
		282ED12C231DA70000B975DA /* Info.plist */ = {isa = PBXFileReference; lastKnownFileType = text.plist.xml; path = Info.plist; sourceTree = "<group>"; };
		28D380FC231DCAAC00ED5BC6 /* RatingControl.swift */ = {isa = PBXFileReference; lastKnownFileType = sourcecode.swift; path = RatingControl.swift; sourceTree = "<group>"; };
		28D38100231DF3D200ED5BC6 /* PopViewController.swift */ = {isa = PBXFileReference; lastKnownFileType = sourcecode.swift; path = PopViewController.swift; sourceTree = "<group>"; };
/* End PBXFileReference section */

/* Begin PBXFrameworksBuildPhase section */
		282ED104231DA6FF00B975DA /* Frameworks */ = {
			isa = PBXFrameworksBuildPhase;
			buildActionMask = 2147483647;
			files = (
			);
			runOnlyForDeploymentPostprocessing = 0;
		};
		282ED118231DA70000B975DA /* Frameworks */ = {
			isa = PBXFrameworksBuildPhase;
			buildActionMask = 2147483647;
			files = (
			);
			runOnlyForDeploymentPostprocessing = 0;
		};
		282ED123231DA70000B975DA /* Frameworks */ = {
			isa = PBXFrameworksBuildPhase;
			buildActionMask = 2147483647;
			files = (
			);
			runOnlyForDeploymentPostprocessing = 0;
		};
/* End PBXFrameworksBuildPhase section */

/* Begin PBXGroup section */
		282ED0FE231DA6FF00B975DA = {
			isa = PBXGroup;
			children = (
				282ED109231DA6FF00B975DA /* ProgrammingAssignment */,
				282ED11E231DA70000B975DA /* ProgrammingAssignmentTests */,
				282ED129231DA70000B975DA /* ProgrammingAssignmentUITests */,
				282ED108231DA6FF00B975DA /* Products */,
			);
			sourceTree = "<group>";
		};
		282ED108231DA6FF00B975DA /* Products */ = {
			isa = PBXGroup;
			children = (
				282ED107231DA6FF00B975DA /* ProgrammingAssignment.app */,
				282ED11B231DA70000B975DA /* ProgrammingAssignmentTests.xctest */,
				282ED126231DA70000B975DA /* ProgrammingAssignmentUITests.xctest */,
			);
			name = Products;
			sourceTree = "<group>";
		};
		282ED109231DA6FF00B975DA /* ProgrammingAssignment */ = {
			isa = PBXGroup;
			children = (
				28D380FC231DCAAC00ED5BC6 /* RatingControl.swift */,
				282ED10A231DA6FF00B975DA /* AppDelegate.swift */,
				282ED10C231DA6FF00B975DA /* ViewController.swift */,
				282ED10E231DA6FF00B975DA /* Main.storyboard */,
				282ED111231DA70000B975DA /* Assets.xcassets */,
				282ED113231DA70000B975DA /* LaunchScreen.storyboard */,
				282ED116231DA70000B975DA /* Info.plist */,
				28D38100231DF3D200ED5BC6 /* PopViewController.swift */,
			);
			path = ProgrammingAssignment;
			sourceTree = "<group>";
		};
		282ED11E231DA70000B975DA /* ProgrammingAssignmentTests */ = {
			isa = PBXGroup;
			children = (
				282ED11F231DA70000B975DA /* ProgrammingAssignmentTests.swift */,
				282ED121231DA70000B975DA /* Info.plist */,
			);
			path = ProgrammingAssignmentTests;
			sourceTree = "<group>";
		};
		282ED129231DA70000B975DA /* ProgrammingAssignmentUITests */ = {
			isa = PBXGroup;
			children = (
				282ED12A231DA70000B975DA /* ProgrammingAssignmentUITests.swift */,
				282ED12C231DA70000B975DA /* Info.plist */,
			);
			path = ProgrammingAssignmentUITests;
			sourceTree = "<group>";
		};
/* End PBXGroup section */

/* Begin PBXNativeTarget section */
		282ED106231DA6FF00B975DA /* ProgrammingAssignment */ = {
			isa = PBXNativeTarget;
			buildConfigurationList = 282ED12F231DA70000B975DA /* Build configuration list for PBXNativeTarget "ProgrammingAssignment" */;
			buildPhases = (
				282ED103231DA6FF00B975DA /* Sources */,
				282ED104231DA6FF00B975DA /* Frameworks */,
				282ED105231DA6FF00B975DA /* Resources */,
			);
			buildRules = (
			);
			dependencies = (
			);
			name = ProgrammingAssignment;
			productName = ProgrammingAssignment;
			productReference = 282ED107231DA6FF00B975DA /* ProgrammingAssignment.app */;
			productType = "com.apple.product-type.application";
		};
		282ED11A231DA70000B975DA /* ProgrammingAssignmentTests */ = {
			isa = PBXNativeTarget;
			buildConfigurationList = 282ED132231DA70000B975DA /* Build configuration list for PBXNativeTarget "ProgrammingAssignmentTests" */;
			buildPhases = (
				282ED117231DA70000B975DA /* Sources */,
				282ED118231DA70000B975DA /* Frameworks */,
				282ED119231DA70000B975DA /* Resources */,
			);
			buildRules = (
			);
			dependencies = (
				282ED11D231DA70000B975DA /* PBXTargetDependency */,
			);
			name = ProgrammingAssignmentTests;
			productName = ProgrammingAssignmentTests;
			productReference = 282ED11B231DA70000B975DA /* ProgrammingAssignmentTests.xctest */;
			productType = "com.apple.product-type.bundle.unit-test";
		};
		282ED125231DA70000B975DA /* ProgrammingAssignmentUITests */ = {
			isa = PBXNativeTarget;
			buildConfigurationList = 282ED135231DA70000B975DA /* Build configuration list for PBXNativeTarget "ProgrammingAssignmentUITests" */;
			buildPhases = (
				282ED122231DA70000B975DA /* Sources */,
				282ED123231DA70000B975DA /* Frameworks */,
				282ED124231DA70000B975DA /* Resources */,
			);
			buildRules = (
			);
			dependencies = (
				282ED128231DA70000B975DA /* PBXTargetDependency */,
			);
			name = ProgrammingAssignmentUITests;
			productName = ProgrammingAssignmentUITests;
			productReference = 282ED126231DA70000B975DA /* ProgrammingAssignmentUITests.xctest */;
			productType = "com.apple.product-type.bundle.ui-testing";
		};
/* End PBXNativeTarget section */

/* Begin PBXProject section */
		282ED0FF231DA6FF00B975DA /* Project object */ = {
			isa = PBXProject;
			attributes = {
				LastSwiftUpdateCheck = 1030;
				LastUpgradeCheck = 1030;
				ORGANIZATIONNAME = "Junjie Xu";
				TargetAttributes = {
					282ED106231DA6FF00B975DA = {
						CreatedOnToolsVersion = 10.3;
					};
					282ED11A231DA70000B975DA = {
						CreatedOnToolsVersion = 10.3;
						TestTargetID = 282ED106231DA6FF00B975DA;
					};
					282ED125231DA70000B975DA = {
						CreatedOnToolsVersion = 10.3;
						TestTargetID = 282ED106231DA6FF00B975DA;
					};
				};
			};
			buildConfigurationList = 282ED102231DA6FF00B975DA /* Build configuration list for PBXProject "ProgrammingAssignment" */;
			compatibilityVersion = "Xcode 9.3";
			developmentRegion = en;
			hasScannedForEncodings = 0;
			knownRegions = (
				en,
				Base,
			);
			mainGroup = 282ED0FE231DA6FF00B975DA;
			productRefGroup = 282ED108231DA6FF00B975DA /* Products */;
			projectDirPath = "";
			projectRoot = "";
			targets = (
				282ED106231DA6FF00B975DA /* ProgrammingAssignment */,
				282ED11A231DA70000B975DA /* ProgrammingAssignmentTests */,
				282ED125231DA70000B975DA /* ProgrammingAssignmentUITests */,
			);
		};
/* End PBXProject section */

/* Begin PBXResourcesBuildPhase section */
		282ED105231DA6FF00B975DA /* Resources */ = {
			isa = PBXResourcesBuildPhase;
			buildActionMask = 2147483647;
			files = (
				282ED115231DA70000B975DA /* LaunchScreen.storyboard in Resources */,
				282ED112231DA70000B975DA /* Assets.xcassets in Resources */,
				282ED110231DA6FF00B975DA /* Main.storyboard in Resources */,
			);
			runOnlyForDeploymentPostprocessing = 0;
		};
		282ED119231DA70000B975DA /* Resources */ = {
			isa = PBXResourcesBuildPhase;
			buildActionMask = 2147483647;
			files = (
			);
			runOnlyForDeploymentPostprocessing = 0;
		};
		282ED124231DA70000B975DA /* Resources */ = {
			isa = PBXResourcesBuildPhase;
			buildActionMask = 2147483647;
			files = (
			);
			runOnlyForDeploymentPostprocessing = 0;
		};
/* End PBXResourcesBuildPhase section */

/* Begin PBXSourcesBuildPhase section */
		282ED103231DA6FF00B975DA /* Sources */ = {
			isa = PBXSourcesBuildPhase;
			buildActionMask = 2147483647;
			files = (
				28D38101231DF3D200ED5BC6 /* PopViewController.swift in Sources */,
				282ED10D231DA6FF00B975DA /* ViewController.swift in Sources */,
				28D380FD231DCAAC00ED5BC6 /* RatingControl.swift in Sources */,
				282ED10B231DA6FF00B975DA /* AppDelegate.swift in Sources */,
			);
			runOnlyForDeploymentPostprocessing = 0;
		};
		282ED117231DA70000B975DA /* Sources */ = {
			isa = PBXSourcesBuildPhase;
			buildActionMask = 2147483647;
			files = (
				282ED120231DA70000B975DA /* ProgrammingAssignmentTests.swift in Sources */,
			);
			runOnlyForDeploymentPostprocessing = 0;
		};
		282ED122231DA70000B975DA /* Sources */ = {
			isa = PBXSourcesBuildPhase;
			buildActionMask = 2147483647;
			files = (
				282ED12B231DA70000B975DA /* ProgrammingAssignmentUITests.swift in Sources */,
			);
			runOnlyForDeploymentPostprocessing = 0;
		};
/* End PBXSourcesBuildPhase section */

/* Begin PBXTargetDependency section */
		282ED11D231DA70000B975DA /* PBXTargetDependency */ = {
			isa = PBXTargetDependency;
			target = 282ED106231DA6FF00B975DA /* ProgrammingAssignment */;
			targetProxy = 282ED11C231DA70000B975DA /* PBXContainerItemProxy */;
		};
		282ED128231DA70000B975DA /* PBXTargetDependency */ = {
			isa = PBXTargetDependency;
			target = 282ED106231DA6FF00B975DA /* ProgrammingAssignment */;
			targetProxy = 282ED127231DA70000B975DA /* PBXContainerItemProxy */;
		};
/* End PBXTargetDependency section */

/* Begin PBXVariantGroup section */
		282ED10E231DA6FF00B975DA /* Main.storyboard */ = {
			isa = PBXVariantGroup;
			children = (
				282ED10F231DA6FF00B975DA /* Base */,
			);
			name = Main.storyboard;
			sourceTree = "<group>";
		};
		282ED113231DA70000B975DA /* LaunchScreen.storyboard */ = {
			isa = PBXVariantGroup;
			children = (
				282ED114231DA70000B975DA /* Base */,
			);
			name = LaunchScreen.storyboard;
			sourceTree = "<group>";
		};
/* End PBXVariantGroup section */

/* Begin XCBuildConfiguration section */
		282ED12D231DA70000B975DA /* Debug */ = {
			isa = XCBuildConfiguration;
			buildSettings = {
				ALWAYS_SEARCH_USER_PATHS = NO;
				CLANG_ANALYZER_NONNULL = YES;
				CLANG_ANALYZER_NUMBER_OBJECT_CONVERSION = YES_AGGRESSIVE;
				CLANG_CXX_LANGUAGE_STANDARD = "gnu++14";
				CLANG_CXX_LIBRARY = "libc++";
				CLANG_ENABLE_MODULES = YES;
				CLANG_ENABLE_OBJC_ARC = YES;
				CLANG_ENABLE_OBJC_WEAK = YES;
				CLANG_WARN_BLOCK_CAPTURE_AUTORELEASING = YES;
				CLANG_WARN_BOOL_CONVERSION = YES;
				CLANG_WARN_COMMA = YES;
				CLANG_WARN_CONSTANT_CONVERSION = YES;
				CLANG_WARN_DEPRECATED_OBJC_IMPLEMENTATIONS = YES;
				CLANG_WARN_DIRECT_OBJC_ISA_USAGE = YES_ERROR;
				CLANG_WARN_DOCUMENTATION_COMMENTS = YES;
				CLANG_WARN_EMPTY_BODY = YES;
				CLANG_WARN_ENUM_CONVERSION = YES;
				CLANG_WARN_INFINITE_RECURSION = YES;
				CLANG_WARN_INT_CONVERSION = YES;
				CLANG_WARN_NON_LITERAL_NULL_CONVERSION = YES;
				CLANG_WARN_OBJC_IMPLICIT_RETAIN_SELF = YES;
				CLANG_WARN_OBJC_LITERAL_CONVERSION = YES;
				CLANG_WARN_OBJC_ROOT_CLASS = YES_ERROR;
				CLANG_WARN_RANGE_LOOP_ANALYSIS = YES;
				CLANG_WARN_STRICT_PROTOTYPES = YES;
				CLANG_WARN_SUSPICIOUS_MOVE = YES;
				CLANG_WARN_UNGUARDED_AVAILABILITY = YES_AGGRESSIVE;
				CLANG_WARN_UNREACHABLE_CODE = YES;
				CLANG_WARN__DUPLICATE_METHOD_MATCH = YES;
				CODE_SIGN_IDENTITY = "iPhone Developer";
				COPY_PHASE_STRIP = NO;
				DEBUG_INFORMATION_FORMAT = dwarf;
				ENABLE_STRICT_OBJC_MSGSEND = YES;
				ENABLE_TESTABILITY = YES;
				GCC_C_LANGUAGE_STANDARD = gnu11;
				GCC_DYNAMIC_NO_PIC = NO;
				GCC_NO_COMMON_BLOCKS = YES;
				GCC_OPTIMIZATION_LEVEL = 0;
				GCC_PREPROCESSOR_DEFINITIONS = (
					"DEBUG=1",
					"$(inherited)",
				);
				GCC_WARN_64_TO_32_BIT_CONVERSION = YES;
				GCC_WARN_ABOUT_RETURN_TYPE = YES_ERROR;
				GCC_WARN_UNDECLARED_SELECTOR = YES;
				GCC_WARN_UNINITIALIZED_AUTOS = YES_AGGRESSIVE;
				GCC_WARN_UNUSED_FUNCTION = YES;
				GCC_WARN_UNUSED_VARIABLE = YES;
				IPHONEOS_DEPLOYMENT_TARGET = 12.4;
				MTL_ENABLE_DEBUG_INFO = INCLUDE_SOURCE;
				MTL_FAST_MATH = YES;
				ONLY_ACTIVE_ARCH = YES;
				SDKROOT = iphoneos;
				SWIFT_ACTIVE_COMPILATION_CONDITIONS = DEBUG;
				SWIFT_OPTIMIZATION_LEVEL = "-Onone";
			};
			name = Debug;
		};
		282ED12E231DA70000B975DA /* Release */ = {
			isa = XCBuildConfiguration;
			buildSettings = {
				ALWAYS_SEARCH_USER_PATHS = NO;
				CLANG_ANALYZER_NONNULL = YES;
				CLANG_ANALYZER_NUMBER_OBJECT_CONVERSION = YES_AGGRESSIVE;
				CLANG_CXX_LANGUAGE_STANDARD = "gnu++14";
				CLANG_CXX_LIBRARY = "libc++";
				CLANG_ENABLE_MODULES = YES;
				CLANG_ENABLE_OBJC_ARC = YES;
				CLANG_ENABLE_OBJC_WEAK = YES;
				CLANG_WARN_BLOCK_CAPTURE_AUTORELEASING = YES;
				CLANG_WARN_BOOL_CONVERSION = YES;
				CLANG_WARN_COMMA = YES;
				CLANG_WARN_CONSTANT_CONVERSION = YES;
				CLANG_WARN_DEPRECATED_OBJC_IMPLEMENTATIONS = YES;
				CLANG_WARN_DIRECT_OBJC_ISA_USAGE = YES_ERROR;
				CLANG_WARN_DOCUMENTATION_COMMENTS = YES;
				CLANG_WARN_EMPTY_BODY = YES;
				CLANG_WARN_ENUM_CONVERSION = YES;
				CLANG_WARN_INFINITE_RECURSION = YES;
				CLANG_WARN_INT_CONVERSION = YES;
				CLANG_WARN_NON_LITERAL_NULL_CONVERSION = YES;
				CLANG_WARN_OBJC_IMPLICIT_RETAIN_SELF = YES;
				CLANG_WARN_OBJC_LITERAL_CONVERSION = YES;
				CLANG_WARN_OBJC_ROOT_CLASS = YES_ERROR;
				CLANG_WARN_RANGE_LOOP_ANALYSIS = YES;
				CLANG_WARN_STRICT_PROTOTYPES = YES;
				CLANG_WARN_SUSPICIOUS_MOVE = YES;
				CLANG_WARN_UNGUARDED_AVAILABILITY = YES_AGGRESSIVE;
				CLANG_WARN_UNREACHABLE_CODE = YES;
				CLANG_WARN__DUPLICATE_METHOD_MATCH = YES;
				CODE_SIGN_IDENTITY = "iPhone Developer";
				COPY_PHASE_STRIP = NO;
				DEBUG_INFORMATION_FORMAT = "dwarf-with-dsym";
				ENABLE_NS_ASSERTIONS = NO;
				ENABLE_STRICT_OBJC_MSGSEND = YES;
				GCC_C_LANGUAGE_STANDARD = gnu11;
				GCC_NO_COMMON_BLOCKS = YES;
				GCC_WARN_64_TO_32_BIT_CONVERSION = YES;
				GCC_WARN_ABOUT_RETURN_TYPE = YES_ERROR;
				GCC_WARN_UNDECLARED_SELECTOR = YES;
				GCC_WARN_UNINITIALIZED_AUTOS = YES_AGGRESSIVE;
				GCC_WARN_UNUSED_FUNCTION = YES;
				GCC_WARN_UNUSED_VARIABLE = YES;
				IPHONEOS_DEPLOYMENT_TARGET = 12.4;
				MTL_ENABLE_DEBUG_INFO = NO;
				MTL_FAST_MATH = YES;
				SDKROOT = iphoneos;
				SWIFT_COMPILATION_MODE = wholemodule;
				SWIFT_OPTIMIZATION_LEVEL = "-O";
				VALIDATE_PRODUCT = YES;
			};
			name = Release;
		};
		282ED130231DA70000B975DA /* Debug */ = {
			isa = XCBuildConfiguration;
			buildSettings = {
				ASSETCATALOG_COMPILER_APPICON_NAME = AppIcon;
				CODE_SIGN_STYLE = Automatic;
				INFOPLIST_FILE = ProgrammingAssignment/Info.plist;
				LD_RUNPATH_SEARCH_PATHS = (
					"$(inherited)",
					"@executable_path/Frameworks",
				);
				PRODUCT_BUNDLE_IDENTIFIER = jj.ProgrammingAssignment;
				PRODUCT_NAME = "$(TARGET_NAME)";
				SWIFT_VERSION = 5.0;
				TARGETED_DEVICE_FAMILY = "1,2";
			};
			name = Debug;
		};
		282ED131231DA70000B975DA /* Release */ = {
			isa = XCBuildConfiguration;
			buildSettings = {
				ASSETCATALOG_COMPILER_APPICON_NAME = AppIcon;
				CODE_SIGN_STYLE = Automatic;
				INFOPLIST_FILE = ProgrammingAssignment/Info.plist;
				LD_RUNPATH_SEARCH_PATHS = (
					"$(inherited)",
					"@executable_path/Frameworks",
				);
				PRODUCT_BUNDLE_IDENTIFIER = jj.ProgrammingAssignment;
				PRODUCT_NAME = "$(TARGET_NAME)";
				SWIFT_VERSION = 5.0;
				TARGETED_DEVICE_FAMILY = "1,2";
			};
			name = Release;
		};
		282ED133231DA70000B975DA /* Debug */ = {
			isa = XCBuildConfiguration;
			buildSettings = {
				ALWAYS_EMBED_SWIFT_STANDARD_LIBRARIES = YES;
				BUNDLE_LOADER = "$(TEST_HOST)";
				CODE_SIGN_STYLE = Automatic;
				INFOPLIST_FILE = ProgrammingAssignmentTests/Info.plist;
				LD_RUNPATH_SEARCH_PATHS = (
					"$(inherited)",
					"@executable_path/Frameworks",
					"@loader_path/Frameworks",
				);
				PRODUCT_BUNDLE_IDENTIFIER = jj.ProgrammingAssignmentTests;
				PRODUCT_NAME = "$(TARGET_NAME)";
				SWIFT_VERSION = 5.0;
				TARGETED_DEVICE_FAMILY = "1,2";
				TEST_HOST = "$(BUILT_PRODUCTS_DIR)/ProgrammingAssignment.app/ProgrammingAssignment";
			};
			name = Debug;
		};
		282ED134231DA70000B975DA /* Release */ = {
			isa = XCBuildConfiguration;
			buildSettings = {
				ALWAYS_EMBED_SWIFT_STANDARD_LIBRARIES = YES;
				BUNDLE_LOADER = "$(TEST_HOST)";
				CODE_SIGN_STYLE = Automatic;
				INFOPLIST_FILE = ProgrammingAssignmentTests/Info.plist;
				LD_RUNPATH_SEARCH_PATHS = (
					"$(inherited)",
					"@executable_path/Frameworks",
					"@loader_path/Frameworks",
				);
				PRODUCT_BUNDLE_IDENTIFIER = jj.ProgrammingAssignmentTests;
				PRODUCT_NAME = "$(TARGET_NAME)";
				SWIFT_VERSION = 5.0;
				TARGETED_DEVICE_FAMILY = "1,2";
				TEST_HOST = "$(BUILT_PRODUCTS_DIR)/ProgrammingAssignment.app/ProgrammingAssignment";
			};
			name = Release;
		};
		282ED136231DA70000B975DA /* Debug */ = {
			isa = XCBuildConfiguration;
			buildSettings = {
				ALWAYS_EMBED_SWIFT_STANDARD_LIBRARIES = YES;
				CODE_SIGN_STYLE = Automatic;
				INFOPLIST_FILE = ProgrammingAssignmentUITests/Info.plist;
				LD_RUNPATH_SEARCH_PATHS = (
					"$(inherited)",
					"@executable_path/Frameworks",
					"@loader_path/Frameworks",
				);
				PRODUCT_BUNDLE_IDENTIFIER = jj.ProgrammingAssignmentUITests;
				PRODUCT_NAME = "$(TARGET_NAME)";
				SWIFT_VERSION = 5.0;
				TARGETED_DEVICE_FAMILY = "1,2";
				TEST_TARGET_NAME = ProgrammingAssignment;
			};
			name = Debug;
		};
		282ED137231DA70000B975DA /* Release */ = {
			isa = XCBuildConfiguration;
			buildSettings = {
				ALWAYS_EMBED_SWIFT_STANDARD_LIBRARIES = YES;
				CODE_SIGN_STYLE = Automatic;
				INFOPLIST_FILE = ProgrammingAssignmentUITests/Info.plist;
				LD_RUNPATH_SEARCH_PATHS = (
					"$(inherited)",
					"@executable_path/Frameworks",
					"@loader_path/Frameworks",
				);
				PRODUCT_BUNDLE_IDENTIFIER = jj.ProgrammingAssignmentUITests;
				PRODUCT_NAME = "$(TARGET_NAME)";
				SWIFT_VERSION = 5.0;
				TARGETED_DEVICE_FAMILY = "1,2";
				TEST_TARGET_NAME = ProgrammingAssignment;
			};
			name = Release;
		};
/* End XCBuildConfiguration section */

/* Begin XCConfigurationList section */
		282ED102231DA6FF00B975DA /* Build configuration list for PBXProject "ProgrammingAssignment" */ = {
			isa = XCConfigurationList;
			buildConfigurations = (
				282ED12D231DA70000B975DA /* Debug */,
				282ED12E231DA70000B975DA /* Release */,
			);
			defaultConfigurationIsVisible = 0;
			defaultConfigurationName = Release;
		};
		282ED12F231DA70000B975DA /* Build configuration list for PBXNativeTarget "ProgrammingAssignment" */ = {
			isa = XCConfigurationList;
			buildConfigurations = (
				282ED130231DA70000B975DA /* Debug */,
				282ED131231DA70000B975DA /* Release */,
			);
			defaultConfigurationIsVisible = 0;
			defaultConfigurationName = Release;
		};
		282ED132231DA70000B975DA /* Build configuration list for PBXNativeTarget "ProgrammingAssignmentTests" */ = {
			isa = XCConfigurationList;
			buildConfigurations = (
				282ED133231DA70000B975DA /* Debug */,
				282ED134231DA70000B975DA /* Release */,
			);
			defaultConfigurationIsVisible = 0;
			defaultConfigurationName = Release;
		};
		282ED135231DA70000B975DA /* Build configuration list for PBXNativeTarget "ProgrammingAssignmentUITests" */ = {
			isa = XCConfigurationList;
			buildConfigurations = (
				282ED136231DA70000B975DA /* Debug */,
				282ED137231DA70000B975DA /* Release */,
			);
			defaultConfigurationIsVisible = 0;
			defaultConfigurationName = Release;
		};
/* End XCConfigurationList section */
	};
	rootObject = 282ED0FF231DA6FF00B975DA /* Project object */;
}
